
Microsoft Visual Studio Solution File, Format Version 12.00
# Visual Studio Version 17
VisualStudioVersion = 17.8.34511.84
MinimumVisualStudioVersion = 10.0.40219.1
Project("{2150E333-8FDC-42A3-9474-1A3956D46DE8}") = "Models", "Models", "{F9BF9A8C-13A4-4D70-9AA5-C8491540A1AA}"
EndProject
Project("{FAE04EC0-301F-11D3-BF4B-00C04F79EFBC}") = "DataModels", "DataModels\DataModels.csproj", "{A87B3EEF-A58D-4A63-A1B6-AE804595D159}"
EndProject
Global
	GlobalSection(SolutionConfigurationPlatforms) = preSolution
		Debug|Any CPU = Debug|Any CPU
		Release|Any CPU = Release|Any CPU
	EndGlobalSection
	GlobalSection(ProjectConfigurationPlatforms) = postSolution
		{A87B3EEF-A58D-4A63-A1B6-AE804595D159}.Debug|Any CPU.ActiveCfg = Debug|Any CPU
		{A87B3EEF-A58D-4A63-A1B6-AE804595D159}.Debug|Any CPU.Build.0 = Debug|Any CPU
		{A87B3EEF-A58D-4A63-A1B6-AE804595D159}.Release|Any CPU.ActiveCfg = Release|Any CPU
		{A87B3EEF-A58D-4A63-A1B6-AE804595D159}.Release|Any CPU.Build.0 = Release|Any CPU
	EndGlobalSection
	GlobalSection(SolutionProperties) = preSolution
		HideSolutionNode = FALSE
	EndGlobalSection
	GlobalSection(NestedProjects) = preSolution
		{A87B3EEF-A58D-4A63-A1B6-AE804595D159} = {F9BF9A8C-13A4-4D70-9AA5-C8491540A1AA}
	EndGlobalSection
	GlobalSection(ExtensibilityGlobals) = postSolution
		SolutionGuid = {662170A8-21DD-4262-9EF5-9D8BC3723E0C}
	EndGlobalSection
EndGlobal
